{
  "name": "rei-cedar-docs",
  "version": "0.0.1",
  "lockfileVersion": 1,
  "requires": true,
  "dependencies": {
    "acorn": {
      "version": "5.4.1",
      "resolved": "https://registry.npmjs.org/acorn/-/acorn-5.4.1.tgz",
      "integrity": "sha512-XLmq3H/BVvW6/GbxKryGxWORz1ebilSsUDlyC27bXhWGWAZWkGwS6FLHjOlwFXNFoWFQEO/Df4u0YYd0K3BQgQ==",
      "dev": true
    },
    "acorn-jsx": {
      "version": "3.0.1",
      "resolved": "https://registry.npmjs.org/acorn-jsx/-/acorn-jsx-3.0.1.tgz",
      "integrity": "sha1-r9+UiPsezvyDSPb7IvRk4ypYs2s=",
      "dev": true,
      "requires": {
        "acorn": "3.3.0"
      },
      "dependencies": {
        "acorn": {
          "version": "3.3.0",
          "resolved": "https://registry.npmjs.org/acorn/-/acorn-3.3.0.tgz",
          "integrity": "sha1-ReN/s56No/JbruP/U2niu18iAXo=",
          "dev": true
        }
      }
    },
    "debug": {
      "version": "3.1.0",
      "resolved": "https://registry.npmjs.org/debug/-/debug-3.1.0.tgz",
      "integrity": "sha512-OX8XqP7/1a9cqkxYw2yXss15f26NKWBpDXQd0/uK/KPqdQhxbPa994hnzjcE2VqQpDslf55723cKPUOGSmMY3g==",
      "dev": true,
      "requires": {
        "ms": "2.0.0"
      }
    },
    "eslint-config-vue": {
      "version": "2.0.2",
      "resolved": "https://registry.npmjs.org/eslint-config-vue/-/eslint-config-vue-2.0.2.tgz",
      "integrity": "sha1-o6sQBImeSTJ6lMY+JNR6OWsvSEg=",
      "dev": true
    },
    "eslint-plugin-vue": {
      "version": "4.2.2",
      "resolved": "https://registry.npmjs.org/eslint-plugin-vue/-/eslint-plugin-vue-4.2.2.tgz",
      "integrity": "sha1-Y+VcYVdK+O+YMyjd0miNY4mgIUs=",
      "dev": true,
      "requires": {
        "vue-eslint-parser": "2.0.2"
      }
    },
    "eslint-scope": {
      "version": "3.7.1",
      "resolved": "https://registry.npmjs.org/eslint-scope/-/eslint-scope-3.7.1.tgz",
      "integrity": "sha1-PWPD7f2gLgbgGkUq2IyqzHzctug=",
      "dev": true,
      "requires": {
        "esrecurse": "4.2.0",
        "estraverse": "4.2.0"
      }
    },
    "eslint-visitor-keys": {
      "version": "1.0.0",
      "resolved": "https://registry.npmjs.org/eslint-visitor-keys/-/eslint-visitor-keys-1.0.0.tgz",
      "integrity": "sha512-qzm/XxIbxm/FHyH341ZrbnMUpe+5Bocte9xkmFMzPMjRaZMcXww+MpBptFvtU+79L362nqiLhekCxCxDPaUMBQ==",
      "dev": true
    },
    "espree": {
      "version": "3.5.3",
      "resolved": "https://registry.npmjs.org/espree/-/espree-3.5.3.tgz",
      "integrity": "sha512-Zy3tAJDORxQZLl2baguiRU1syPERAIg0L+JB2MWorORgTu/CplzvxS9WWA7Xh4+Q+eOQihNs/1o1Xep8cvCxWQ==",
      "dev": true,
      "requires": {
        "acorn": "5.4.1",
        "acorn-jsx": "3.0.1"
      }
    },
    "esquery": {
      "version": "1.0.0",
      "resolved": "https://registry.npmjs.org/esquery/-/esquery-1.0.0.tgz",
      "integrity": "sha1-z7qLV9f7qT8XKYqKAGoEzaE9gPo=",
      "dev": true,
      "requires": {
        "estraverse": "4.2.0"
      }
    },
    "esrecurse": {
      "version": "4.2.0",
      "resolved": "https://registry.npmjs.org/esrecurse/-/esrecurse-4.2.0.tgz",
      "integrity": "sha1-+pVo2Y04I/mkHZHpAtyrnqblsWM=",
      "dev": true,
      "requires": {
        "estraverse": "4.2.0",
        "object-assign": "4.1.1"
      }
    },
    "estraverse": {
      "version": "4.2.0",
      "resolved": "https://registry.npmjs.org/estraverse/-/estraverse-4.2.0.tgz",
      "integrity": "sha1-De4/7TH81GlhjOc0IJn8GvoL2xM=",
      "dev": true
    },
    "lodash": {
      "version": "4.17.5",
      "resolved": "https://registry.npmjs.org/lodash/-/lodash-4.17.5.tgz",
      "integrity": "sha512-svL3uiZf1RwhH+cWrfZn3A4+U58wbP0tGVTLQPbjplZxZ8ROD9VLuNgsRniTlLe7OlSqR79RUehXgpBW/s0IQw==",
      "dev": true
    },
    "ms": {
      "version": "2.0.0",
      "resolved": "https://registry.npmjs.org/ms/-/ms-2.0.0.tgz",
      "integrity": "sha1-VgiurfwAvmwpAd9fmGF4jeDVl8g=",
      "dev": true
    },
    "object-assign": {
      "version": "4.1.1",
      "resolved": "https://registry.npmjs.org/object-assign/-/object-assign-4.1.1.tgz",
      "integrity": "sha1-IQmtx5ZYh8/AXLvUQsrIv7s2CGM=",
      "dev": true
    },
    "vue-eslint-parser": {
      "version": "2.0.2",
      "resolved": "https://registry.npmjs.org/vue-eslint-parser/-/vue-eslint-parser-2.0.2.tgz",
      "integrity": "sha512-MQE1Tl4kYhp51opFMtRcZuyrFru/erpRI82w96tPiSnhcwK3QjJejAEJ5RlLcLU07Ua7A1WvhXG3i2KFveeGsA==",
      "dev": true,
      "requires": {
        "debug": "3.1.0",
        "eslint-scope": "3.7.1",
        "eslint-visitor-keys": "1.0.0",
        "espree": "3.5.3",
        "esquery": "1.0.0",
        "lodash": "4.17.5"
      }
    }
  }
}
